
Microsoft Visual Studio Solution File, Format Version 12.00
# Visual Studio Version 16
VisualStudioVersion = 16.0.31321.278
MinimumVisualStudioVersion = 10.0.40219.1
Project("{9A19103F-16F7-4668-BE54-9A1E7A4F7556}") = "ServerAPIs", "ServerAPIs\ServerAPIs.csproj", "{0445A9F0-4741-40A9-B155-466CE47930B9}"
EndProject
Project("{9A19103F-16F7-4668-BE54-9A1E7A4F7556}") = "ServerAPIs.Authentication.Azure", "ServerAPIs.Authentication.Azure\ServerAPIs.Authentication.Azure.csproj", "{BD7730CE-81F8-43F3-A793-276008FDE4B8}"
EndProject
Project("{9A19103F-16F7-4668-BE54-9A1E7A4F7556}") = "ServerAPIs.Authentication.Jwt", "ServerAPIs.Authentication.Jwt\ServerAPIs.Authentication.Jwt.csproj", "{3DB53506-5D8D-4464-9B81-1B2C8B878B56}"
EndProject
Project("{9A19103F-16F7-4668-BE54-9A1E7A4F7556}") = "ServerAPIs.Authentication.IdentityServer4", "ServerAPIs.Authentication.IdentityServer4\ServerAPIs.Authentication.IdentityServer4.csproj", "{EABD443B-91A8-4319-9D89-825A78B43789}"
EndProject
Project("{9A19103F-16F7-4668-BE54-9A1E7A4F7556}") = "ServerAPIs.Authentication.AWS", "ServerAPIs.Authentication.AWS\ServerAPIs.Authentication.AWS.csproj", "{D25E7E22-3A77-4970-A96A-AFCB9926AEB9}"
EndProject
Project("{9A19103F-16F7-4668-BE54-9A1E7A4F7556}") = "AppModels", "AppModels\AppModels.csproj", "{583E4C39-439F-4916-A565-AE8E318C8C19}"
EndProject
Project("{9A19103F-16F7-4668-BE54-9A1E7A4F7556}") = "ServerAPIs.Authentication.Common", "ServerAPIs.Authentication.Common\ServerAPIs.Authentication.Common.csproj", "{70A00624-90EB-44D3-8B71-A7B73ABE877F}"
EndProject
Project("{2150E333-8FDC-42A3-9474-1A3956D46DE8}") = "Solution Items", "Solution Items", "{1FA39CA8-1FDB-495E-8C1C-A16DF748D6C2}"
	ProjectSection(SolutionItems) = preProject
		Readme.txt = Readme.txt
	EndProjectSection
EndProject
Global
	GlobalSection(SolutionConfigurationPlatforms) = preSolution
		Debug|Any CPU = Debug|Any CPU
		Release|Any CPU = Release|Any CPU
	EndGlobalSection
	GlobalSection(ProjectConfigurationPlatforms) = postSolution
		{0445A9F0-4741-40A9-B155-466CE47930B9}.Debug|Any CPU.ActiveCfg = Debug|Any CPU
		{0445A9F0-4741-40A9-B155-466CE47930B9}.Debug|Any CPU.Build.0 = Debug|Any CPU
		{0445A9F0-4741-40A9-B155-466CE47930B9}.Release|Any CPU.ActiveCfg = Release|Any CPU
		{0445A9F0-4741-40A9-B155-466CE47930B9}.Release|Any CPU.Build.0 = Release|Any CPU
		{BD7730CE-81F8-43F3-A793-276008FDE4B8}.Debug|Any CPU.ActiveCfg = Debug|Any CPU
		{BD7730CE-81F8-43F3-A793-276008FDE4B8}.Debug|Any CPU.Build.0 = Debug|Any CPU
		{BD7730CE-81F8-43F3-A793-276008FDE4B8}.Release|Any CPU.ActiveCfg = Release|Any CPU
		{BD7730CE-81F8-43F3-A793-276008FDE4B8}.Release|Any CPU.Build.0 = Release|Any CPU
		{3DB53506-5D8D-4464-9B81-1B2C8B878B56}.Debug|Any CPU.ActiveCfg = Debug|Any CPU
		{3DB53506-5D8D-4464-9B81-1B2C8B878B56}.Debug|Any CPU.Build.0 = Debug|Any CPU
		{3DB53506-5D8D-4464-9B81-1B2C8B878B56}.Release|Any CPU.ActiveCfg = Release|Any CPU
		{3DB53506-5D8D-4464-9B81-1B2C8B878B56}.Release|Any CPU.Build.0 = Release|Any CPU
		{EABD443B-91A8-4319-9D89-825A78B43789}.Debug|Any CPU.ActiveCfg = Debug|Any CPU
		{EABD443B-91A8-4319-9D89-825A78B43789}.Debug|Any CPU.Build.0 = Debug|Any CPU
		{EABD443B-91A8-4319-9D89-825A78B43789}.Release|Any CPU.ActiveCfg = Release|Any CPU
		{EABD443B-91A8-4319-9D89-825A78B43789}.Release|Any CPU.Build.0 = Release|Any CPU
		{D25E7E22-3A77-4970-A96A-AFCB9926AEB9}.Debug|Any CPU.ActiveCfg = Debug|Any CPU
		{D25E7E22-3A77-4970-A96A-AFCB9926AEB9}.Debug|Any CPU.Build.0 = Debug|Any CPU
		{D25E7E22-3A77-4970-A96A-AFCB9926AEB9}.Release|Any CPU.ActiveCfg = Release|Any CPU
		{D25E7E22-3A77-4970-A96A-AFCB9926AEB9}.Release|Any CPU.Build.0 = Release|Any CPU
		{583E4C39-439F-4916-A565-AE8E318C8C19}.Debug|Any CPU.ActiveCfg = Debug|Any CPU
		{583E4C39-439F-4916-A565-AE8E318C8C19}.Debug|Any CPU.Build.0 = Debug|Any CPU
		{583E4C39-439F-4916-A565-AE8E318C8C19}.Release|Any CPU.ActiveCfg = Release|Any CPU
		{583E4C39-439F-4916-A565-AE8E318C8C19}.Release|Any CPU.Build.0 = Release|Any CPU
		{70A00624-90EB-44D3-8B71-A7B73ABE877F}.Debug|Any CPU.ActiveCfg = Debug|Any CPU
		{70A00624-90EB-44D3-8B71-A7B73ABE877F}.Debug|Any CPU.Build.0 = Debug|Any CPU
		{70A00624-90EB-44D3-8B71-A7B73ABE877F}.Release|Any CPU.ActiveCfg = Release|Any CPU
		{70A00624-90EB-44D3-8B71-A7B73ABE877F}.Release|Any CPU.Build.0 = Release|Any CPU
	EndGlobalSection
	GlobalSection(SolutionProperties) = preSolution
		HideSolutionNode = FALSE
	EndGlobalSection
	GlobalSection(ExtensibilityGlobals) = postSolution
		SolutionGuid = {DFD7F94A-093F-4733-98C8-E8C95C1B3A2B}
	EndGlobalSection
EndGlobal
